
Microsoft Visual Studio Solution File, Format Version 12.00
# Visual Studio Version 17
VisualStudioVersion = 17.3.32929.385
MinimumVisualStudioVersion = 10.0.40219.1
Project("{FAE04EC0-301F-11D3-BF4B-00C04F79EFBC}") = "GettersAndSetters", "GettersAndSetters\GettersAndSetters.csproj", "{3A106000-51AD-4876-90A8-AD015BBE34E4}"
EndProject
Global
	GlobalSection(SolutionConfigurationPlatforms) = preSolution
		Debug|Any CPU = Debug|Any CPU
		Release|Any CPU = Release|Any CPU
	EndGlobalSection
	GlobalSection(ProjectConfigurationPlatforms) = postSolution
		{3A106000-51AD-4876-90A8-AD015BBE34E4}.Debug|Any CPU.ActiveCfg = Debug|Any CPU
		{3A106000-51AD-4876-90A8-AD015BBE34E4}.Debug|Any CPU.Build.0 = Debug|Any CPU
		{3A106000-51AD-4876-90A8-AD015BBE34E4}.Release|Any CPU.ActiveCfg = Release|Any CPU
		{3A106000-51AD-4876-90A8-AD015BBE34E4}.Release|Any CPU.Build.0 = Release|Any CPU
	EndGlobalSection
	GlobalSection(SolutionProperties) = preSolution
		HideSolutionNode = FALSE
	EndGlobalSection
	GlobalSection(ExtensibilityGlobals) = postSolution
		SolutionGuid = {48AAABD4-5CD7-4050-923C-4CCB8121A4F7}
	EndGlobalSection
EndGlobal
